{
  "pins" : [
    {
      "identity" : "aws-sdk-ios-spm",
      "kind" : "remoteSourceControl",
      "location" : "https://github.com/aws-amplify/aws-sdk-ios-spm",
      "state" : {
        "revision" : "d0667b076a3411d097d3194418713ee98356a967",
        "version" : "2.28.0"
      }
    },
    {
      "identity" : "crowdconnected-core-bluetooth-ios",
      "kind" : "remoteSourceControl",
      "location" : "https://github.com/crowdconnected/crowdconnected-core-bluetooth-ios",
      "state" : {
        "revision" : "299cf0689338735017afc031459becd532c7de63",
        "version" : "1.6.6"
      }
    },
    {
      "identity" : "crowdconnected-core-ios",
      "kind" : "remoteSourceControl",
      "location" : "https://github.com/crowdconnected/crowdconnected-core-ios",
      "state" : {
        "revision" : "600a3f80bd974625709f225b38d4b1d0ef59acb2",
        "version" : "1.6.6"
      }
    },
    {
      "identity" : "crowdconnected-geo-ios",
      "kind" : "remoteSourceControl",
      "location" : "https://github.com/crowdconnected/crowdconnected-geo-ios",
      "state" : {
        "revision" : "a2feefed6aaecf32f7b613644352adc46b0f9aec",
        "version" : "1.6.6"
      }
    },
    {
      "identity" : "crowdconnected-ips-ios",
      "kind" : "remoteSourceControl",
      "location" : "https://github.com/crowdconnected/crowdconnected-ips-ios",
      "state" : {
        "revision" : "6ade710b9940cd4e3e6891ffee92bd314c30cda6",
        "version" : "1.6.6"
      }
    },
    {
      "identity" : "crowdconnected-shared-ios",
      "kind" : "remoteSourceControl",
      "location" : "https://github.com/crowdconnected/crowdconnected-shared-ios.git",
      "state" : {
        "revision" : "d3ffab8bf71fc5ccd5667edf504ff0707529b2f5",
        "version" : "1.6.6"
      }
    }
  ],
  "version" : 2
}
