{
  "pins" : [
    {
      "identity" : "aws-sdk-ios-spm",
      "kind" : "remoteSourceControl",
      "location" : "https://github.com/aws-amplify/aws-sdk-ios-spm",
      "state" : {
        "revision" : "d0667b076a3411d097d3194418713ee98356a967",
        "version" : "2.28.0"
      }
    },
    {
      "identity" : "crowdconnected-core-bluetooth-ios",
      "kind" : "remoteSourceControl",
      "location" : "https://github.com/crowdconnected/crowdconnected-core-bluetooth-ios",
      "state" : {
        "revision" : "0b6591913a821243ccc83f2f8a7abf1d09384c0e",
        "version" : "1.5.0"
      }
    },
    {
      "identity" : "crowdconnected-core-ios",
      "kind" : "remoteSourceControl",
      "location" : "https://github.com/crowdconnected/crowdconnected-core-ios",
      "state" : {
        "revision" : "dfcc551d78f1bdfc802f34a3c5c7d059a91b454c",
        "version" : "1.5.0"
      }
    },
    {
      "identity" : "crowdconnected-geo-ios",
      "kind" : "remoteSourceControl",
      "location" : "https://github.com/crowdconnected/crowdconnected-geo-ios",
      "state" : {
        "revision" : "d474aa54364bc892763461650b9a863e75cde95b",
        "version" : "1.5.0"
      }
    },
    {
      "identity" : "crowdconnected-ips-ios",
      "kind" : "remoteSourceControl",
      "location" : "https://github.com/crowdconnected/crowdconnected-ips-ios",
      "state" : {
        "revision" : "e5ecb4db15795f6020f27b02ee620a351e2222a1",
        "version" : "1.5.0"
      }
    },
    {
      "identity" : "crowdconnected-shared-ios",
      "kind" : "remoteSourceControl",
      "location" : "https://github.com/crowdconnected/crowdconnected-shared-ios.git",
      "state" : {
        "revision" : "e5b3a3dc3d84814d90dfacbcfe7af277e6747242",
        "version" : "1.5.0"
      }
    }
  ],
  "version" : 2
}
