{
  "object": {
    "pins": [
      {
        "package": "AWSiOSSDKV2",
        "repositoryURL": "https://github.com/aws-amplify/aws-sdk-ios-spm",
        "state": {
          "branch": null,
          "revision": "2fbb2199cee0124c584e58c5753c05e10e7d7348",
          "version": "2.27.1"
        }
      },
      {
        "package": "CrowdConnectedCoreBluetooth",
        "repositoryURL": "https://github.com/crowdconnected/crowdconnected-core-bluetooth-ios",
        "state": {
          "branch": null,
          "revision": "5e1aeebcc457a63a286ad48c0e279b20d8d578d7",
          "version": "1.2.1"
        }
      },
      {
        "package": "CrowdConnectedCore",
        "repositoryURL": "https://github.com/crowdconnected/crowdconnected-core-ios",
        "state": {
          "branch": null,
          "revision": "86954336f7e9143edfaf4c3c101e48d613f50685",
          "version": "1.2.1"
        }
      },
      {
        "package": "CrowdConnectedGeo",
        "repositoryURL": "https://github.com/crowdconnected/crowdconnected-geo-ios",
        "state": {
          "branch": null,
          "revision": "8b8711fc8b2fd21b75ba304789cdf85afec5a384",
          "version": "1.2.1"
        }
      },
      {
        "package": "CrowdConnectedIPS",
        "repositoryURL": "https://github.com/crowdconnected/crowdconnected-ips-ios",
        "state": {
          "branch": null,
          "revision": "090bd1e034af635690a09429d1c0c161fc9d48a3",
          "version": "1.2.1"
        }
      },
      {
        "package": "CrowdConnectedShared",
        "repositoryURL": "https://github.com/crowdconnected/crowdconnected-shared-ios.git",
        "state": {
          "branch": null,
          "revision": "9dcf4e9c4deb7d86a83a4950584545cb01744625",
          "version": "1.2.1"
        }
      }
    ]
  },
  "version": 1
}
