// !$*UTF8*$!
{
	archiveVersion = 1;
	classes = {
	};
	objectVersion = 54;
	objects = {

/* Begin PBXBuildFile section */
		AA10E8EC28DB63F600384E14 /* CrowdConnectedShared in Frameworks */ = {isa = PBXBuildFile; productRef = AA10E8EB28DB63F600384E14 /* CrowdConnectedShared */; };
		AA281B2726983FC400F7A285 /* TestSPMIntegrationApp.swift in Sources */ = {isa = PBXBuildFile; fileRef = AA281B2626983FC400F7A285 /* TestSPMIntegrationApp.swift */; };
		AA281B2926983FC400F7A285 /* ContentView.swift in Sources */ = {isa = PBXBuildFile; fileRef = AA281B2826983FC400F7A285 /* ContentView.swift */; };
		AA281B2B26983FC500F7A285 /* Assets.xcassets in Resources */ = {isa = PBXBuildFile; fileRef = AA281B2A26983FC500F7A285 /* Assets.xcassets */; };
		AA281B2E26983FC500F7A285 /* Preview Assets.xcassets in Resources */ = {isa = PBXBuildFile; fileRef = AA281B2D26983FC500F7A285 /* Preview Assets.xcassets */; };
		AA2F2ECD2BC5473B006404EF /* PrivacyInfo.xcprivacy in Resources */ = {isa = PBXBuildFile; fileRef = AA2F2EC82BC53FFE006404EF /* PrivacyInfo.xcprivacy */; };
		AA67B4FE2836BF630067D2DC /* CrowdConnectedCore in Frameworks */ = {isa = PBXBuildFile; productRef = AA67B4FD2836BF630067D2DC /* CrowdConnectedCore */; };
		AA9C864327B172320094FD9A /* CrowdConnectedIPS in Frameworks */ = {isa = PBXBuildFile; productRef = AA9C864227B172320094FD9A /* CrowdConnectedIPS */; };
		AA9C864627B172430094FD9A /* CrowdConnectedGeo in Frameworks */ = {isa = PBXBuildFile; productRef = AA9C864527B172430094FD9A /* CrowdConnectedGeo */; };
		AA9C864927B172510094FD9A /* CrowdConnectedCoreBluetooth in Frameworks */ = {isa = PBXBuildFile; productRef = AA9C864827B172510094FD9A /* CrowdConnectedCoreBluetooth */; };
/* End PBXBuildFile section */

/* Begin PBXFileReference section */
		AA281B2326983FC400F7A285 /* TestSPMIntegration.app */ = {isa = PBXFileReference; explicitFileType = wrapper.application; includeInIndex = 0; path = TestSPMIntegration.app; sourceTree = BUILT_PRODUCTS_DIR; };
		AA281B2626983FC400F7A285 /* TestSPMIntegrationApp.swift */ = {isa = PBXFileReference; lastKnownFileType = sourcecode.swift; path = TestSPMIntegrationApp.swift; sourceTree = "<group>"; };
		AA281B2826983FC400F7A285 /* ContentView.swift */ = {isa = PBXFileReference; lastKnownFileType = sourcecode.swift; path = ContentView.swift; sourceTree = "<group>"; };
		AA281B2A26983FC500F7A285 /* Assets.xcassets */ = {isa = PBXFileReference; lastKnownFileType = folder.assetcatalog; path = Assets.xcassets; sourceTree = "<group>"; };
		AA281B2D26983FC500F7A285 /* Preview Assets.xcassets */ = {isa = PBXFileReference; lastKnownFileType = folder.assetcatalog; path = "Preview Assets.xcassets"; sourceTree = "<group>"; };
		AA281B2F26983FC500F7A285 /* Info.plist */ = {isa = PBXFileReference; lastKnownFileType = text.plist.xml; path = Info.plist; sourceTree = "<group>"; };
		AA2F2EC82BC53FFE006404EF /* PrivacyInfo.xcprivacy */ = {isa = PBXFileReference; lastKnownFileType = text.xml; path = PrivacyInfo.xcprivacy; sourceTree = "<group>"; };
/* End PBXFileReference section */

/* Begin PBXFrameworksBuildPhase section */
		AA281B2026983FC400F7A285 /* Frameworks */ = {
			isa = PBXFrameworksBuildPhase;
			buildActionMask = 2147483647;
			files = (
				AA9C864927B172510094FD9A /* CrowdConnectedCoreBluetooth in Frameworks */,
				AA9C864327B172320094FD9A /* CrowdConnectedIPS in Frameworks */,
				AA9C864627B172430094FD9A /* CrowdConnectedGeo in Frameworks */,
				AA67B4FE2836BF630067D2DC /* CrowdConnectedCore in Frameworks */,
				AA10E8EC28DB63F600384E14 /* CrowdConnectedShared in Frameworks */,
			);
			runOnlyForDeploymentPostprocessing = 0;
		};
/* End PBXFrameworksBuildPhase section */

/* Begin PBXGroup section */
		AA281B1A26983FC400F7A285 = {
			isa = PBXGroup;
			children = (
				AA6C0EFB27B134660014C391 /* Packages */,
				AA281B2526983FC400F7A285 /* TestSPMIntegration */,
				AA281B2426983FC400F7A285 /* Products */,
			);
			sourceTree = "<group>";
		};
		AA281B2426983FC400F7A285 /* Products */ = {
			isa = PBXGroup;
			children = (
				AA281B2326983FC400F7A285 /* TestSPMIntegration.app */,
			);
			name = Products;
			sourceTree = "<group>";
		};
		AA281B2526983FC400F7A285 /* TestSPMIntegration */ = {
			isa = PBXGroup;
			children = (
				AA281B2626983FC400F7A285 /* TestSPMIntegrationApp.swift */,
				AA2F2EC82BC53FFE006404EF /* PrivacyInfo.xcprivacy */,
				AA281B2826983FC400F7A285 /* ContentView.swift */,
				AA281B2A26983FC500F7A285 /* Assets.xcassets */,
				AA281B2F26983FC500F7A285 /* Info.plist */,
				AA281B2C26983FC500F7A285 /* Preview Content */,
			);
			path = TestSPMIntegration;
			sourceTree = "<group>";
		};
		AA281B2C26983FC500F7A285 /* Preview Content */ = {
			isa = PBXGroup;
			children = (
				AA281B2D26983FC500F7A285 /* Preview Assets.xcassets */,
			);
			path = "Preview Content";
			sourceTree = "<group>";
		};
		AA6C0EFB27B134660014C391 /* Packages */ = {
			isa = PBXGroup;
			children = (
			);
			name = Packages;
			sourceTree = "<group>";
		};
/* End PBXGroup section */

/* Begin PBXNativeTarget section */
		AA281B2226983FC400F7A285 /* TestSPMIntegration */ = {
			isa = PBXNativeTarget;
			buildConfigurationList = AA281B3226983FC500F7A285 /* Build configuration list for PBXNativeTarget "TestSPMIntegration" */;
			buildPhases = (
				AA281B1F26983FC400F7A285 /* Sources */,
				AA281B2026983FC400F7A285 /* Frameworks */,
				AA281B2126983FC400F7A285 /* Resources */,
			);
			buildRules = (
			);
			dependencies = (
			);
			name = TestSPMIntegration;
			packageProductDependencies = (
				AA9C864227B172320094FD9A /* CrowdConnectedIPS */,
				AA9C864527B172430094FD9A /* CrowdConnectedGeo */,
				AA9C864827B172510094FD9A /* CrowdConnectedCoreBluetooth */,
				AA67B4FD2836BF630067D2DC /* CrowdConnectedCore */,
				AA10E8EB28DB63F600384E14 /* CrowdConnectedShared */,
			);
			productName = TestSPMIntegration;
			productReference = AA281B2326983FC400F7A285 /* TestSPMIntegration.app */;
			productType = "com.apple.product-type.application";
		};
/* End PBXNativeTarget section */

/* Begin PBXProject section */
		AA281B1B26983FC400F7A285 /* Project object */ = {
			isa = PBXProject;
			attributes = {
				LastSwiftUpdateCheck = 1250;
				LastUpgradeCheck = 1250;
				TargetAttributes = {
					AA281B2226983FC400F7A285 = {
						CreatedOnToolsVersion = 12.5;
					};
				};
			};
			buildConfigurationList = AA281B1E26983FC400F7A285 /* Build configuration list for PBXProject "TestSPMIntegration" */;
			compatibilityVersion = "Xcode 9.3";
			developmentRegion = en;
			hasScannedForEncodings = 0;
			knownRegions = (
				en,
				Base,
			);
			mainGroup = AA281B1A26983FC400F7A285;
			packageReferences = (
				AA9C864127B172320094FD9A /* XCRemoteSwiftPackageReference "crowdconnected-ips-ios" */,
				AA9C864427B172430094FD9A /* XCRemoteSwiftPackageReference "crowdconnected-geo-ios" */,
				AA9C864727B172510094FD9A /* XCRemoteSwiftPackageReference "crowdconnected-core-bluetooth-ios" */,
				AA67B4FC2836BF630067D2DC /* XCRemoteSwiftPackageReference "crowdconnected-core-ios" */,
				AA10E8EA28DB63F600384E14 /* XCRemoteSwiftPackageReference "crowdconnected-shared-ios" */,
			);
			productRefGroup = AA281B2426983FC400F7A285 /* Products */;
			projectDirPath = "";
			projectRoot = "";
			targets = (
				AA281B2226983FC400F7A285 /* TestSPMIntegration */,
			);
		};
/* End PBXProject section */

/* Begin PBXResourcesBuildPhase section */
		AA281B2126983FC400F7A285 /* Resources */ = {
			isa = PBXResourcesBuildPhase;
			buildActionMask = 2147483647;
			files = (
				AA2F2ECD2BC5473B006404EF /* PrivacyInfo.xcprivacy in Resources */,
				AA281B2E26983FC500F7A285 /* Preview Assets.xcassets in Resources */,
				AA281B2B26983FC500F7A285 /* Assets.xcassets in Resources */,
			);
			runOnlyForDeploymentPostprocessing = 0;
		};
/* End PBXResourcesBuildPhase section */

/* Begin PBXSourcesBuildPhase section */
		AA281B1F26983FC400F7A285 /* Sources */ = {
			isa = PBXSourcesBuildPhase;
			buildActionMask = 2147483647;
			files = (
				AA281B2926983FC400F7A285 /* ContentView.swift in Sources */,
				AA281B2726983FC400F7A285 /* TestSPMIntegrationApp.swift in Sources */,
			);
			runOnlyForDeploymentPostprocessing = 0;
		};
/* End PBXSourcesBuildPhase section */

/* Begin XCBuildConfiguration section */
		AA281B3026983FC500F7A285 /* Debug */ = {
			isa = XCBuildConfiguration;
			buildSettings = {
				ALWAYS_SEARCH_USER_PATHS = NO;
				CLANG_ANALYZER_NONNULL = YES;
				CLANG_ANALYZER_NUMBER_OBJECT_CONVERSION = YES_AGGRESSIVE;
				CLANG_CXX_LANGUAGE_STANDARD = "gnu++14";
				CLANG_CXX_LIBRARY = "libc++";
				CLANG_ENABLE_MODULES = YES;
				CLANG_ENABLE_OBJC_ARC = YES;
				CLANG_ENABLE_OBJC_WEAK = YES;
				CLANG_WARN_BLOCK_CAPTURE_AUTORELEASING = YES;
				CLANG_WARN_BOOL_CONVERSION = YES;
				CLANG_WARN_COMMA = YES;
				CLANG_WARN_CONSTANT_CONVERSION = YES;
				CLANG_WARN_DEPRECATED_OBJC_IMPLEMENTATIONS = YES;
				CLANG_WARN_DIRECT_OBJC_ISA_USAGE = YES_ERROR;
				CLANG_WARN_DOCUMENTATION_COMMENTS = YES;
				CLANG_WARN_EMPTY_BODY = YES;
				CLANG_WARN_ENUM_CONVERSION = YES;
				CLANG_WARN_INFINITE_RECURSION = YES;
				CLANG_WARN_INT_CONVERSION = YES;
				CLANG_WARN_NON_LITERAL_NULL_CONVERSION = YES;
				CLANG_WARN_OBJC_IMPLICIT_RETAIN_SELF = YES;
				CLANG_WARN_OBJC_LITERAL_CONVERSION = YES;
				CLANG_WARN_OBJC_ROOT_CLASS = YES_ERROR;
				CLANG_WARN_QUOTED_INCLUDE_IN_FRAMEWORK_HEADER = YES;
				CLANG_WARN_RANGE_LOOP_ANALYSIS = YES;
				CLANG_WARN_STRICT_PROTOTYPES = YES;
				CLANG_WARN_SUSPICIOUS_MOVE = YES;
				CLANG_WARN_UNGUARDED_AVAILABILITY = YES_AGGRESSIVE;
				CLANG_WARN_UNREACHABLE_CODE = YES;
				CLANG_WARN__DUPLICATE_METHOD_MATCH = YES;
				COPY_PHASE_STRIP = NO;
				DEBUG_INFORMATION_FORMAT = dwarf;
				ENABLE_STRICT_OBJC_MSGSEND = YES;
				ENABLE_TESTABILITY = YES;
				GCC_C_LANGUAGE_STANDARD = gnu11;
				GCC_DYNAMIC_NO_PIC = NO;
				GCC_NO_COMMON_BLOCKS = YES;
				GCC_OPTIMIZATION_LEVEL = 0;
				GCC_PREPROCESSOR_DEFINITIONS = (
					"DEBUG=1",
					"$(inherited)",
				);
				GCC_WARN_64_TO_32_BIT_CONVERSION = YES;
				GCC_WARN_ABOUT_RETURN_TYPE = YES_ERROR;
				GCC_WARN_UNDECLARED_SELECTOR = YES;
				GCC_WARN_UNINITIALIZED_AUTOS = YES_AGGRESSIVE;
				GCC_WARN_UNUSED_FUNCTION = YES;
				GCC_WARN_UNUSED_VARIABLE = YES;
				IPHONEOS_DEPLOYMENT_TARGET = 14.0;
				MTL_ENABLE_DEBUG_INFO = INCLUDE_SOURCE;
				MTL_FAST_MATH = YES;
				ONLY_ACTIVE_ARCH = YES;
				SDKROOT = iphoneos;
				SWIFT_ACTIVE_COMPILATION_CONDITIONS = DEBUG;
				SWIFT_OPTIMIZATION_LEVEL = "-Onone";
			};
			name = Debug;
		};
		AA281B3126983FC500F7A285 /* Release */ = {
			isa = XCBuildConfiguration;
			buildSettings = {
				ALWAYS_SEARCH_USER_PATHS = NO;
				CLANG_ANALYZER_NONNULL = YES;
				CLANG_ANALYZER_NUMBER_OBJECT_CONVERSION = YES_AGGRESSIVE;
				CLANG_CXX_LANGUAGE_STANDARD = "gnu++14";
				CLANG_CXX_LIBRARY = "libc++";
				CLANG_ENABLE_MODULES = YES;
				CLANG_ENABLE_OBJC_ARC = YES;
				CLANG_ENABLE_OBJC_WEAK = YES;
				CLANG_WARN_BLOCK_CAPTURE_AUTORELEASING = YES;
				CLANG_WARN_BOOL_CONVERSION = YES;
				CLANG_WARN_COMMA = YES;
				CLANG_WARN_CONSTANT_CONVERSION = YES;
				CLANG_WARN_DEPRECATED_OBJC_IMPLEMENTATIONS = YES;
				CLANG_WARN_DIRECT_OBJC_ISA_USAGE = YES_ERROR;
				CLANG_WARN_DOCUMENTATION_COMMENTS = YES;
				CLANG_WARN_EMPTY_BODY = YES;
				CLANG_WARN_ENUM_CONVERSION = YES;
				CLANG_WARN_INFINITE_RECURSION = YES;
				CLANG_WARN_INT_CONVERSION = YES;
				CLANG_WARN_NON_LITERAL_NULL_CONVERSION = YES;
				CLANG_WARN_OBJC_IMPLICIT_RETAIN_SELF = YES;
				CLANG_WARN_OBJC_LITERAL_CONVERSION = YES;
				CLANG_WARN_OBJC_ROOT_CLASS = YES_ERROR;
				CLANG_WARN_QUOTED_INCLUDE_IN_FRAMEWORK_HEADER = YES;
				CLANG_WARN_RANGE_LOOP_ANALYSIS = YES;
				CLANG_WARN_STRICT_PROTOTYPES = YES;
				CLANG_WARN_SUSPICIOUS_MOVE = YES;
				CLANG_WARN_UNGUARDED_AVAILABILITY = YES_AGGRESSIVE;
				CLANG_WARN_UNREACHABLE_CODE = YES;
				CLANG_WARN__DUPLICATE_METHOD_MATCH = YES;
				COPY_PHASE_STRIP = NO;
				DEBUG_INFORMATION_FORMAT = "dwarf-with-dsym";
				ENABLE_NS_ASSERTIONS = NO;
				ENABLE_STRICT_OBJC_MSGSEND = YES;
				GCC_C_LANGUAGE_STANDARD = gnu11;
				GCC_NO_COMMON_BLOCKS = YES;
				GCC_WARN_64_TO_32_BIT_CONVERSION = YES;
				GCC_WARN_ABOUT_RETURN_TYPE = YES_ERROR;
				GCC_WARN_UNDECLARED_SELECTOR = YES;
				GCC_WARN_UNINITIALIZED_AUTOS = YES_AGGRESSIVE;
				GCC_WARN_UNUSED_FUNCTION = YES;
				GCC_WARN_UNUSED_VARIABLE = YES;
				IPHONEOS_DEPLOYMENT_TARGET = 14.0;
				MTL_ENABLE_DEBUG_INFO = NO;
				MTL_FAST_MATH = YES;
				SDKROOT = iphoneos;
				SWIFT_COMPILATION_MODE = wholemodule;
				SWIFT_OPTIMIZATION_LEVEL = "-O";
				VALIDATE_PRODUCT = YES;
			};
			name = Release;
		};
		AA281B3326983FC500F7A285 /* Debug */ = {
			isa = XCBuildConfiguration;
			buildSettings = {
				ASSETCATALOG_COMPILER_APPICON_NAME = AppIcon;
				ASSETCATALOG_COMPILER_GLOBAL_ACCENT_COLOR_NAME = AccentColor;
				CODE_SIGN_STYLE = Automatic;
				DEVELOPMENT_ASSET_PATHS = "\"TestSPMIntegration/Preview Content\"";
				DEVELOPMENT_TEAM = 67K9GDZYLG;
				ENABLE_BITCODE = NO;
				ENABLE_PREVIEWS = YES;
				INFOPLIST_FILE = TestSPMIntegration/Info.plist;
				IPHONEOS_DEPLOYMENT_TARGET = 14.0;
				LD_RUNPATH_SEARCH_PATHS = (
					"$(inherited)",
					"@executable_path/Frameworks",
				);
				PRODUCT_BUNDLE_IDENTIFIER = uk.co.crowdconnected.TestSPMIntegration;
				PRODUCT_NAME = "$(TARGET_NAME)";
				SWIFT_VERSION = 5.0;
				TARGETED_DEVICE_FAMILY = "1,2";
			};
			name = Debug;
		};
		AA281B3426983FC500F7A285 /* Release */ = {
			isa = XCBuildConfiguration;
			buildSettings = {
				ASSETCATALOG_COMPILER_APPICON_NAME = AppIcon;
				ASSETCATALOG_COMPILER_GLOBAL_ACCENT_COLOR_NAME = AccentColor;
				CODE_SIGN_STYLE = Automatic;
				DEVELOPMENT_ASSET_PATHS = "\"TestSPMIntegration/Preview Content\"";
				DEVELOPMENT_TEAM = 67K9GDZYLG;
				ENABLE_BITCODE = NO;
				ENABLE_PREVIEWS = YES;
				INFOPLIST_FILE = TestSPMIntegration/Info.plist;
				IPHONEOS_DEPLOYMENT_TARGET = 14.0;
				LD_RUNPATH_SEARCH_PATHS = (
					"$(inherited)",
					"@executable_path/Frameworks",
				);
				PRODUCT_BUNDLE_IDENTIFIER = uk.co.crowdconnected.TestSPMIntegration;
				PRODUCT_NAME = "$(TARGET_NAME)";
				SWIFT_VERSION = 5.0;
				TARGETED_DEVICE_FAMILY = "1,2";
			};
			name = Release;
		};
/* End XCBuildConfiguration section */

/* Begin XCConfigurationList section */
		AA281B1E26983FC400F7A285 /* Build configuration list for PBXProject "TestSPMIntegration" */ = {
			isa = XCConfigurationList;
			buildConfigurations = (
				AA281B3026983FC500F7A285 /* Debug */,
				AA281B3126983FC500F7A285 /* Release */,
			);
			defaultConfigurationIsVisible = 0;
			defaultConfigurationName = Release;
		};
		AA281B3226983FC500F7A285 /* Build configuration list for PBXNativeTarget "TestSPMIntegration" */ = {
			isa = XCConfigurationList;
			buildConfigurations = (
				AA281B3326983FC500F7A285 /* Debug */,
				AA281B3426983FC500F7A285 /* Release */,
			);
			defaultConfigurationIsVisible = 0;
			defaultConfigurationName = Release;
		};
/* End XCConfigurationList section */

/* Begin XCRemoteSwiftPackageReference section */
		AA10E8EA28DB63F600384E14 /* XCRemoteSwiftPackageReference "crowdconnected-shared-ios" */ = {
			isa = XCRemoteSwiftPackageReference;
			repositoryURL = "https://github.com/crowdconnected/crowdconnected-shared-ios";
			requirement = {
				kind = exactVersion;
				version = 1.6.5;
			};
		};
		AA67B4FC2836BF630067D2DC /* XCRemoteSwiftPackageReference "crowdconnected-core-ios" */ = {
			isa = XCRemoteSwiftPackageReference;
			repositoryURL = "https://github.com/crowdconnected/crowdconnected-core-ios";
			requirement = {
				kind = exactVersion;
				version = 1.6.5;
			};
		};
		AA9C864127B172320094FD9A /* XCRemoteSwiftPackageReference "crowdconnected-ips-ios" */ = {
			isa = XCRemoteSwiftPackageReference;
			repositoryURL = "https://github.com/crowdconnected/crowdconnected-ips-ios";
			requirement = {
				kind = exactVersion;
				version = 1.6.5;
			};
		};
		AA9C864427B172430094FD9A /* XCRemoteSwiftPackageReference "crowdconnected-geo-ios" */ = {
			isa = XCRemoteSwiftPackageReference;
			repositoryURL = "https://github.com/crowdconnected/crowdconnected-geo-ios";
			requirement = {
				kind = exactVersion;
				version = 1.6.5;
			};
		};
		AA9C864727B172510094FD9A /* XCRemoteSwiftPackageReference "crowdconnected-core-bluetooth-ios" */ = {
			isa = XCRemoteSwiftPackageReference;
			repositoryURL = "https://github.com/crowdconnected/crowdconnected-core-bluetooth-ios";
			requirement = {
				kind = exactVersion;
				version = 1.6.5;
			};
		};
/* End XCRemoteSwiftPackageReference section */

/* Begin XCSwiftPackageProductDependency section */
		AA10E8EB28DB63F600384E14 /* CrowdConnectedShared */ = {
			isa = XCSwiftPackageProductDependency;
			package = AA10E8EA28DB63F600384E14 /* XCRemoteSwiftPackageReference "crowdconnected-shared-ios" */;
			productName = CrowdConnectedShared;
		};
		AA67B4FD2836BF630067D2DC /* CrowdConnectedCore */ = {
			isa = XCSwiftPackageProductDependency;
			package = AA67B4FC2836BF630067D2DC /* XCRemoteSwiftPackageReference "crowdconnected-core-ios" */;
			productName = CrowdConnectedCore;
		};
		AA9C864227B172320094FD9A /* CrowdConnectedIPS */ = {
			isa = XCSwiftPackageProductDependency;
			package = AA9C864127B172320094FD9A /* XCRemoteSwiftPackageReference "crowdconnected-ips-ios" */;
			productName = CrowdConnectedIPS;
		};
		AA9C864527B172430094FD9A /* CrowdConnectedGeo */ = {
			isa = XCSwiftPackageProductDependency;
			package = AA9C864427B172430094FD9A /* XCRemoteSwiftPackageReference "crowdconnected-geo-ios" */;
			productName = CrowdConnectedGeo;
		};
		AA9C864827B172510094FD9A /* CrowdConnectedCoreBluetooth */ = {
			isa = XCSwiftPackageProductDependency;
			package = AA9C864727B172510094FD9A /* XCRemoteSwiftPackageReference "crowdconnected-core-bluetooth-ios" */;
			productName = CrowdConnectedCoreBluetooth;
		};
/* End XCSwiftPackageProductDependency section */
	};
	rootObject = AA281B1B26983FC400F7A285 /* Project object */;
}
